Microsoft Visual Studio Solution File, Format Version 12.00
# Visual Studio 15
Project("{2150E333-8FDC-42A3-9474-1A3956D46DE8}") = "CMakePredefinedTargets", "CMakePredefinedTargets", "{EE7B3CED-9E4D-3FAB-9DDB-3335EA1A1020}"
EndProject
Project("{2150E333-8FDC-42A3-9474-1A3956D46DE8}") = "Project", "Project", "{080F2CE5-CF93-3D93-89AE-31103062C511}"
EndProject
Project("{8BC9CEB8-8B4A-11D0-8D11-00A0C91BC942}") = "GameLauncher", "GameLauncher.vcxproj", "{C524680D-BBF2-3A74-838F-321A9F08389F}"
	ProjectSection(ProjectDependencies) = postProject
		{E56DAFBA-90A9-3860-9AB3-97BF9C129C8F} = {E56DAFBA-90A9-3860-9AB3-97BF9C129C8F}
	EndProjectSection
EndProject
Project("{8BC9CEB8-8B4A-11D0-8D11-00A0C91BC942}") = "ALL_BUILD", "ALL_BUILD.vcxproj", "{847292A0-96B2-3350-A5FF-4A66122F2BC8}"
	ProjectSection(ProjectDependencies) = postProject
		{9A877E15-20B3-3837-BA66-0846E3987B49} = {9A877E15-20B3-3837-BA66-0846E3987B49}
		{FDF6550D-ED9E-3E31-8C65-F51AC156DF6E} = {FDF6550D-ED9E-3E31-8C65-F51AC156DF6E}
		{C524680D-BBF2-3A74-838F-321A9F08389F} = {C524680D-BBF2-3A74-838F-321A9F08389F}
		{ADB78CE3-B5CE-3C10-8A20-806E69739D5B} = {ADB78CE3-B5CE-3C10-8A20-806E69739D5B}
		{E56DAFBA-90A9-3860-9AB3-97BF9C129C8F} = {E56DAFBA-90A9-3860-9AB3-97BF9C129C8F}
	EndProjectSection
EndProject
Project("{8BC9CEB8-8B4A-11D0-8D11-00A0C91BC942}") = "Editor", "Editor.vcxproj", "{9A877E15-20B3-3837-BA66-0846E3987B49}"
	ProjectSection(ProjectDependencies) = postProject
		{E56DAFBA-90A9-3860-9AB3-97BF9C129C8F} = {E56DAFBA-90A9-3860-9AB3-97BF9C129C8F}
	EndProjectSection
EndProject
Project("{8BC9CEB8-8B4A-11D0-8D11-00A0C91BC942}") = "Game", "Game.vcxproj", "{FDF6550D-ED9E-3E31-8C65-F51AC156DF6E}"
	ProjectSection(ProjectDependencies) = postProject
		{E56DAFBA-90A9-3860-9AB3-97BF9C129C8F} = {E56DAFBA-90A9-3860-9AB3-97BF9C129C8F}
	EndProjectSection
EndProject
Project("{8BC9CEB8-8B4A-11D0-8D11-00A0C91BC942}") = "GameServer", "GameServer.vcxproj", "{ADB78CE3-B5CE-3C10-8A20-806E69739D5B}"
	ProjectSection(ProjectDependencies) = postProject
		{E56DAFBA-90A9-3860-9AB3-97BF9C129C8F} = {E56DAFBA-90A9-3860-9AB3-97BF9C129C8F}
	EndProjectSection
EndProject
Project("{8BC9CEB8-8B4A-11D0-8D11-00A0C91BC942}") = "INSTALL", "INSTALL.vcxproj", "{AA51FF08-EEDC-3C05-8E9F-371B17326700}"
	ProjectSection(ProjectDependencies) = postProject
		{847292A0-96B2-3350-A5FF-4A66122F2BC8} = {847292A0-96B2-3350-A5FF-4A66122F2BC8}
		{E56DAFBA-90A9-3860-9AB3-97BF9C129C8F} = {E56DAFBA-90A9-3860-9AB3-97BF9C129C8F}
	EndProjectSection
EndProject
Project("{8BC9CEB8-8B4A-11D0-8D11-00A0C91BC942}") = "ZERO_CHECK", "ZERO_CHECK.vcxproj", "{E56DAFBA-90A9-3860-9AB3-97BF9C129C8F}"
	ProjectSection(ProjectDependencies) = postProject
	EndProjectSection
EndProject
Global
	GlobalSection(SolutionConfigurationPlatforms) = preSolution
		Debug|x64 = Debug|x64
		Profile|x64 = Profile|x64
		Release|x64 = Release|x64
	EndGlobalSection
	GlobalSection(ProjectConfigurationPlatforms) = postSolution
		{C524680D-BBF2-3A74-838F-321A9F08389F}.Debug|x64.ActiveCfg = Debug|x64
		{C524680D-BBF2-3A74-838F-321A9F08389F}.Debug|x64.Build.0 = Debug|x64
		{C524680D-BBF2-3A74-838F-321A9F08389F}.Profile|x64.ActiveCfg = Profile|x64
		{C524680D-BBF2-3A74-838F-321A9F08389F}.Profile|x64.Build.0 = Profile|x64
		{C524680D-BBF2-3A74-838F-321A9F08389F}.Release|x64.ActiveCfg = Release|x64
		{C524680D-BBF2-3A74-838F-321A9F08389F}.Release|x64.Build.0 = Release|x64
		{847292A0-96B2-3350-A5FF-4A66122F2BC8}.Debug|x64.ActiveCfg = Debug|x64
		{847292A0-96B2-3350-A5FF-4A66122F2BC8}.Debug|x64.Build.0 = Debug|x64
		{847292A0-96B2-3350-A5FF-4A66122F2BC8}.Profile|x64.ActiveCfg = Profile|x64
		{847292A0-96B2-3350-A5FF-4A66122F2BC8}.Profile|x64.Build.0 = Profile|x64
		{847292A0-96B2-3350-A5FF-4A66122F2BC8}.Release|x64.ActiveCfg = Release|x64
		{847292A0-96B2-3350-A5FF-4A66122F2BC8}.Release|x64.Build.0 = Release|x64
		{9A877E15-20B3-3837-BA66-0846E3987B49}.Debug|x64.ActiveCfg = Debug|x64
		{9A877E15-20B3-3837-BA66-0846E3987B49}.Debug|x64.Build.0 = Debug|x64
		{9A877E15-20B3-3837-BA66-0846E3987B49}.Profile|x64.ActiveCfg = Profile|x64
		{9A877E15-20B3-3837-BA66-0846E3987B49}.Profile|x64.Build.0 = Profile|x64
		{9A877E15-20B3-3837-BA66-0846E3987B49}.Release|x64.ActiveCfg = Release|x64
		{9A877E15-20B3-3837-BA66-0846E3987B49}.Release|x64.Build.0 = Release|x64
		{FDF6550D-ED9E-3E31-8C65-F51AC156DF6E}.Debug|x64.ActiveCfg = Debug|x64
		{FDF6550D-ED9E-3E31-8C65-F51AC156DF6E}.Debug|x64.Build.0 = Debug|x64
		{FDF6550D-ED9E-3E31-8C65-F51AC156DF6E}.Profile|x64.ActiveCfg = Profile|x64
		{FDF6550D-ED9E-3E31-8C65-F51AC156DF6E}.Profile|x64.Build.0 = Profile|x64
		{FDF6550D-ED9E-3E31-8C65-F51AC156DF6E}.Release|x64.ActiveCfg = Release|x64
		{FDF6550D-ED9E-3E31-8C65-F51AC156DF6E}.Release|x64.Build.0 = Release|x64
		{ADB78CE3-B5CE-3C10-8A20-806E69739D5B}.Debug|x64.ActiveCfg = Debug|x64
		{ADB78CE3-B5CE-3C10-8A20-806E69739D5B}.Debug|x64.Build.0 = Debug|x64
		{ADB78CE3-B5CE-3C10-8A20-806E69739D5B}.Profile|x64.ActiveCfg = Profile|x64
		{ADB78CE3-B5CE-3C10-8A20-806E69739D5B}.Profile|x64.Build.0 = Profile|x64
		{ADB78CE3-B5CE-3C10-8A20-806E69739D5B}.Release|x64.ActiveCfg = Release|x64
		{ADB78CE3-B5CE-3C10-8A20-806E69739D5B}.Release|x64.Build.0 = Release|x64
		{AA51FF08-EEDC-3C05-8E9F-371B17326700}.Debug|x64.ActiveCfg = Debug|x64
		{AA51FF08-EEDC-3C05-8E9F-371B17326700}.Profile|x64.ActiveCfg = Profile|x64
		{AA51FF08-EEDC-3C05-8E9F-371B17326700}.Release|x64.ActiveCfg = Release|x64
		{E56DAFBA-90A9-3860-9AB3-97BF9C129C8F}.Debug|x64.ActiveCfg = Debug|x64
		{E56DAFBA-90A9-3860-9AB3-97BF9C129C8F}.Debug|x64.Build.0 = Debug|x64
		{E56DAFBA-90A9-3860-9AB3-97BF9C129C8F}.Profile|x64.ActiveCfg = Profile|x64
		{E56DAFBA-90A9-3860-9AB3-97BF9C129C8F}.Profile|x64.Build.0 = Profile|x64
		{E56DAFBA-90A9-3860-9AB3-97BF9C129C8F}.Release|x64.ActiveCfg = Release|x64
		{E56DAFBA-90A9-3860-9AB3-97BF9C129C8F}.Release|x64.Build.0 = Release|x64
	EndGlobalSection
	GlobalSection(NestedProjects) = preSolution
		{847292A0-96B2-3350-A5FF-4A66122F2BC8} = {EE7B3CED-9E4D-3FAB-9DDB-3335EA1A1020}
		{AA51FF08-EEDC-3C05-8E9F-371B17326700} = {EE7B3CED-9E4D-3FAB-9DDB-3335EA1A1020}
		{E56DAFBA-90A9-3860-9AB3-97BF9C129C8F} = {EE7B3CED-9E4D-3FAB-9DDB-3335EA1A1020}
		{FDF6550D-ED9E-3E31-8C65-F51AC156DF6E} = {080F2CE5-CF93-3D93-89AE-31103062C511}
	EndGlobalSection
	GlobalSection(ExtensibilityGlobals) = postSolution
		SolutionGuid = {E6503143-C34C-3773-B417-8C0E5F9DFEEC}
	EndGlobalSection
	GlobalSection(ExtensibilityAddIns) = postSolution
	EndGlobalSection
EndGlobal
